PODS:
  - Chirp (1.1.1)
  - Nimble (7.0.3)
  - Quick (1.2.0)

DEPENDENCIES:
  - Chirp (from `../`)
  - Nimble
  - Quick

EXTERNAL SOURCES:
  Chirp:
    :path: ../

SPEC CHECKSUMS:
  Chirp: 49ac19c439fd4d12f4517437db16144f59e8a230
  Nimble: 7f5a9c447a33002645a071bddafbfb24ea70e0ac
  Quick: 58d203b1c5e27fff7229c4c1ae445ad7069a7a08

PODFILE CHECKSUM: 88099a3ec5dc4ede3f9a895768490d5dbd674a4b

COCOAPODS: 1.4.0
