PODS:
  - Chirp (1.1.1)
  - Nimble (5.0.0)
  - Quick (0.10.0)

DEPENDENCIES:
  - Chirp (from `../`)
  - Nimble
  - Quick

EXTERNAL SOURCES:
  Chirp:
    :path: "../"

SPEC CHECKSUMS:
  Chirp: e06920df90dd33b3e74c988c58f621a8a1e41e7d
  Nimble: 56fc9f5020effa2206de22c3dd910f4fb011b92f
  Quick: 5d290df1c69d5ee2f0729956dcf0fd9a30447eaa

PODFILE CHECKSUM: 88099a3ec5dc4ede3f9a895768490d5dbd674a4b

COCOAPODS: 1.1.0.rc.2
