PODS:
  - Chirp (1.1.1)
  - Nimble (4.0.0)
  - Quick (0.9.2)

DEPENDENCIES:
  - Chirp (from `../`)
  - Nimble
  - Quick

EXTERNAL SOURCES:
  Chirp:
    :path: "../"

SPEC CHECKSUMS:
  Chirp: e06920df90dd33b3e74c988c58f621a8a1e41e7d
  Nimble: 72bcc3e2f02242e6bfaaf8d9412ca7bfe3d8b417
  Quick: 18d057bc66451eedd5d1c8dc99ba2a5db6e60226

COCOAPODS: 0.39.0
